
Microsoft Visual Studio Solution File, Format Version 12.00
# Visual Studio Version 17
VisualStudioVersion = 17.4.33403.182
MinimumVisualStudioVersion = 10.0.40219.1
Project("{FAE04EC0-301F-11D3-BF4B-00C04F79EFBC}") = "Common", "Common\Common.csproj", "{CBB1CE20-57D3-4AFB-8909-D1F29B3766BC}"
EndProject
Project("{FAE04EC0-301F-11D3-BF4B-00C04F79EFBC}") = "Servis", "Servis\Servis.csproj", "{044DBC1A-BAA9-4E91-8D59-524CB0DDA8CE}"
EndProject
Project("{FAE04EC0-301F-11D3-BF4B-00C04F79EFBC}") = "Klijent", "Klijent\Klijent.csproj", "{DF017199-DAEA-49EA-B11A-695F04897A04}"
EndProject
Global
	GlobalSection(SolutionConfigurationPlatforms) = preSolution
		Debug|Any CPU = Debug|Any CPU
		Release|Any CPU = Release|Any CPU
	EndGlobalSection
	GlobalSection(ProjectConfigurationPlatforms) = postSolution
		{CBB1CE20-57D3-4AFB-8909-D1F29B3766BC}.Debug|Any CPU.ActiveCfg = Debug|Any CPU
		{CBB1CE20-57D3-4AFB-8909-D1F29B3766BC}.Debug|Any CPU.Build.0 = Debug|Any CPU
		{CBB1CE20-57D3-4AFB-8909-D1F29B3766BC}.Release|Any CPU.ActiveCfg = Release|Any CPU
		{CBB1CE20-57D3-4AFB-8909-D1F29B3766BC}.Release|Any CPU.Build.0 = Release|Any CPU
		{044DBC1A-BAA9-4E91-8D59-524CB0DDA8CE}.Debug|Any CPU.ActiveCfg = Debug|Any CPU
		{044DBC1A-BAA9-4E91-8D59-524CB0DDA8CE}.Debug|Any CPU.Build.0 = Debug|Any CPU
		{044DBC1A-BAA9-4E91-8D59-524CB0DDA8CE}.Release|Any CPU.ActiveCfg = Release|Any CPU
		{044DBC1A-BAA9-4E91-8D59-524CB0DDA8CE}.Release|Any CPU.Build.0 = Release|Any CPU
		{DF017199-DAEA-49EA-B11A-695F04897A04}.Debug|Any CPU.ActiveCfg = Debug|Any CPU
		{DF017199-DAEA-49EA-B11A-695F04897A04}.Debug|Any CPU.Build.0 = Debug|Any CPU
		{DF017199-DAEA-49EA-B11A-695F04897A04}.Release|Any CPU.ActiveCfg = Release|Any CPU
		{DF017199-DAEA-49EA-B11A-695F04897A04}.Release|Any CPU.Build.0 = Release|Any CPU
	EndGlobalSection
	GlobalSection(SolutionProperties) = preSolution
		HideSolutionNode = FALSE
	EndGlobalSection
	GlobalSection(ExtensibilityGlobals) = postSolution
		SolutionGuid = {B72799C9-7FC5-4908-A1B2-112A87FF990C}
	EndGlobalSection
EndGlobal
