
Microsoft Visual Studio Solution File, Format Version 12.00
# Visual Studio Version 17
VisualStudioVersion = 17.5.33530.505
MinimumVisualStudioVersion = 10.0.40219.1
Project("{FAE04EC0-301F-11D3-BF4B-00C04F79EFBC}") = "Common", "Common\Common.csproj", "{F4E007D0-A39B-4579-87BD-1A875AE17EBC}"
EndProject
Project("{FAE04EC0-301F-11D3-BF4B-00C04F79EFBC}") = "Service", "Server\Service.csproj", "{B8D2181A-0532-4AC8-BCA1-FFC68D2DAEB2}"
EndProject
Project("{FAE04EC0-301F-11D3-BF4B-00C04F79EFBC}") = "Client", "Client\Client.csproj", "{1A271E94-FDCA-4954-97FA-91B73F84BFE9}"
EndProject
Project("{FAE04EC0-301F-11D3-BF4B-00C04F79EFBC}") = "XMLDB", "XMLDB\XMLDB.csproj", "{B4F98252-24C9-47CA-8F5F-D8B484B92F22}"
EndProject
Global
	GlobalSection(SolutionConfigurationPlatforms) = preSolution
		Debug|Any CPU = Debug|Any CPU
		Release|Any CPU = Release|Any CPU
	EndGlobalSection
	GlobalSection(ProjectConfigurationPlatforms) = postSolution
		{F4E007D0-A39B-4579-87BD-1A875AE17EBC}.Debug|Any CPU.ActiveCfg = Debug|Any CPU
		{F4E007D0-A39B-4579-87BD-1A875AE17EBC}.Debug|Any CPU.Build.0 = Debug|Any CPU
		{F4E007D0-A39B-4579-87BD-1A875AE17EBC}.Release|Any CPU.ActiveCfg = Release|Any CPU
		{F4E007D0-A39B-4579-87BD-1A875AE17EBC}.Release|Any CPU.Build.0 = Release|Any CPU
		{B8D2181A-0532-4AC8-BCA1-FFC68D2DAEB2}.Debug|Any CPU.ActiveCfg = Debug|Any CPU
		{B8D2181A-0532-4AC8-BCA1-FFC68D2DAEB2}.Debug|Any CPU.Build.0 = Debug|Any CPU
		{B8D2181A-0532-4AC8-BCA1-FFC68D2DAEB2}.Release|Any CPU.ActiveCfg = Release|Any CPU
		{B8D2181A-0532-4AC8-BCA1-FFC68D2DAEB2}.Release|Any CPU.Build.0 = Release|Any CPU
		{1A271E94-FDCA-4954-97FA-91B73F84BFE9}.Debug|Any CPU.ActiveCfg = Debug|Any CPU
		{1A271E94-FDCA-4954-97FA-91B73F84BFE9}.Debug|Any CPU.Build.0 = Debug|Any CPU
		{1A271E94-FDCA-4954-97FA-91B73F84BFE9}.Release|Any CPU.ActiveCfg = Release|Any CPU
		{1A271E94-FDCA-4954-97FA-91B73F84BFE9}.Release|Any CPU.Build.0 = Release|Any CPU
		{B4F98252-24C9-47CA-8F5F-D8B484B92F22}.Debug|Any CPU.ActiveCfg = Debug|Any CPU
		{B4F98252-24C9-47CA-8F5F-D8B484B92F22}.Debug|Any CPU.Build.0 = Debug|Any CPU
		{B4F98252-24C9-47CA-8F5F-D8B484B92F22}.Release|Any CPU.ActiveCfg = Release|Any CPU
		{B4F98252-24C9-47CA-8F5F-D8B484B92F22}.Release|Any CPU.Build.0 = Release|Any CPU
	EndGlobalSection
	GlobalSection(SolutionProperties) = preSolution
		HideSolutionNode = FALSE
	EndGlobalSection
	GlobalSection(ExtensibilityGlobals) = postSolution
		SolutionGuid = {919C76D6-E5AC-4962-882F-8BB44AB56DF9}
	EndGlobalSection
EndGlobal
